// !$*UTF8*$!
{
	archiveVersion = 1;
	classes = {
	};
	objectVersion = 50;
	objects = {

/* Begin PBXBuildFile section */
		BBF76F61238ED7E500A30D56 /* AppDelegate.swift in Sources */ = {isa = PBXBuildFile; fileRef = BBF76F60238ED7E500A30D56 /* AppDelegate.swift */; };
		BBF76F63238ED7E500A30D56 /* SceneDelegate.swift in Sources */ = {isa = PBXBuildFile; fileRef = BBF76F62238ED7E500A30D56 /* SceneDelegate.swift */; };
		BBF76F65238ED7E500A30D56 /* ViewController.swift in Sources */ = {isa = PBXBuildFile; fileRef = BBF76F64238ED7E500A30D56 /* ViewController.swift */; };
		BBF76F68238ED7E500A30D56 /* Main.storyboard in Resources */ = {isa = PBXBuildFile; fileRef = BBF76F66238ED7E500A30D56 /* Main.storyboard */; };
		BBF76F6A238ED7E600A30D56 /* Assets.xcassets in Resources */ = {isa = PBXBuildFile; fileRef = BBF76F69238ED7E600A30D56 /* Assets.xcassets */; };
		BBF76F6D238ED7E600A30D56 /* LaunchScreen.storyboard in Resources */ = {isa = PBXBuildFile; fileRef = BBF76F6B238ED7E600A30D56 /* LaunchScreen.storyboard */; };
		BBF76F7B238ED7FA00A30D56 /* UITestUITests.swift in Sources */ = {isa = PBXBuildFile; fileRef = BBF76F7A238ED7FA00A30D56 /* UITestUITests.swift */; };
/* End PBXBuildFile section */

/* Begin PBXContainerItemProxy section */
		BBF76F7D238ED7FA00A30D56 /* PBXContainerItemProxy */ = {
			isa = PBXContainerItemProxy;
			containerPortal = BBF76F55238ED7E500A30D56 /* Project object */;
			proxyType = 1;
			remoteGlobalIDString = BBF76F5C238ED7E500A30D56;
			remoteInfo = UITest;
		};
/* End PBXContainerItemProxy section */

/* Begin PBXFileReference section */
		BBF76F5D238ED7E500A30D56 /* UITest.app */ = {isa = PBXFileReference; explicitFileType = wrapper.application; includeInIndex = 0; path = UITest.app; sourceTree = BUILT_PRODUCTS_DIR; };
		BBF76F60238ED7E500A30D56 /* AppDelegate.swift */ = {isa = PBXFileReference; lastKnownFileType = sourcecode.swift; path = AppDelegate.swift; sourceTree = "<group>"; };
		BBF76F62238ED7E500A30D56 /* SceneDelegate.swift */ = {isa = PBXFileReference; lastKnownFileType = sourcecode.swift; path = SceneDelegate.swift; sourceTree = "<group>"; };
		BBF76F64238ED7E500A30D56 /* ViewController.swift */ = {isa = PBXFileReference; lastKnownFileType = sourcecode.swift; path = ViewController.swift; sourceTree = "<group>"; };
		BBF76F67238ED7E500A30D56 /* Base */ = {isa = PBXFileReference; lastKnownFileType = file.storyboard; name = Base; path = Base.lproj/Main.storyboard; sourceTree = "<group>"; };
		BBF76F69238ED7E600A30D56 /* Assets.xcassets */ = {isa = PBXFileReference; lastKnownFileType = folder.assetcatalog; path = Assets.xcassets; sourceTree = "<group>"; };
		BBF76F6C238ED7E600A30D56 /* Base */ = {isa = PBXFileReference; lastKnownFileType = file.storyboard; name = Base; path = Base.lproj/LaunchScreen.storyboard; sourceTree = "<group>"; };
		BBF76F6E238ED7E600A30D56 /* Info.plist */ = {isa = PBXFileReference; lastKnownFileType = text.plist.xml; path = Info.plist; sourceTree = "<group>"; };
		BBF76F78238ED7FA00A30D56 /* UITestUITests.xctest */ = {isa = PBXFileReference; explicitFileType = wrapper.cfbundle; includeInIndex = 0; path = UITestUITests.xctest; sourceTree = BUILT_PRODUCTS_DIR; };
		BBF76F7A238ED7FA00A30D56 /* UITestUITests.swift */ = {isa = PBXFileReference; lastKnownFileType = sourcecode.swift; path = UITestUITests.swift; sourceTree = "<group>"; };
		BBF76F7C238ED7FA00A30D56 /* Info.plist */ = {isa = PBXFileReference; lastKnownFileType = text.plist.xml; path = Info.plist; sourceTree = "<group>"; };
/* End PBXFileReference section */

/* Begin PBXFrameworksBuildPhase section */
		BBF76F5A238ED7E500A30D56 /* Frameworks */ = {
			isa = PBXFrameworksBuildPhase;
			buildActionMask = 2147483647;
			files = (
			);
			runOnlyForDeploymentPostprocessing = 0;
		};
		BBF76F75238ED7FA00A30D56 /* Frameworks */ = {
			isa = PBXFrameworksBuildPhase;
			buildActionMask = 2147483647;
			files = (
			);
			runOnlyForDeploymentPostprocessing = 0;
		};
/* End PBXFrameworksBuildPhase section */

/* Begin PBXGroup section */
		BBF76F54238ED7E500A30D56 = {
			isa = PBXGroup;
			children = (
				BBF76F5F238ED7E500A30D56 /* UITest */,
				BBF76F79238ED7FA00A30D56 /* UITestUITests */,
				BBF76F5E238ED7E500A30D56 /* Products */,
			);
			sourceTree = "<group>";
		};
		BBF76F5E238ED7E500A30D56 /* Products */ = {
			isa = PBXGroup;
			children = (
				BBF76F5D238ED7E500A30D56 /* UITest.app */,
				BBF76F78238ED7FA00A30D56 /* UITestUITests.xctest */,
			);
			name = Products;
			sourceTree = "<group>";
		};
		BBF76F5F238ED7E500A30D56 /* UITest */ = {
			isa = PBXGroup;
			children = (
				BBF76F60238ED7E500A30D56 /* AppDelegate.swift */,
				BBF76F62238ED7E500A30D56 /* SceneDelegate.swift */,
				BBF76F64238ED7E500A30D56 /* ViewController.swift */,
				BBF76F66238ED7E500A30D56 /* Main.storyboard */,
				BBF76F69238ED7E600A30D56 /* Assets.xcassets */,
				BBF76F6B238ED7E600A30D56 /* LaunchScreen.storyboard */,
				BBF76F6E238ED7E600A30D56 /* Info.plist */,
			);
			path = UITest;
			sourceTree = "<group>";
		};
		BBF76F79238ED7FA00A30D56 /* UITestUITests */ = {
			isa = PBXGroup;
			children = (
				BBF76F7A238ED7FA00A30D56 /* UITestUITests.swift */,
				BBF76F7C238ED7FA00A30D56 /* Info.plist */,
			);
			path = UITestUITests;
			sourceTree = "<group>";
		};
/* End PBXGroup section */

/* Begin PBXNativeTarget section */
		BBF76F5C238ED7E500A30D56 /* UITest */ = {
			isa = PBXNativeTarget;
			buildConfigurationList = BBF76F71238ED7E600A30D56 /* Build configuration list for PBXNativeTarget "UITest" */;
			buildPhases = (
				BBF76F59238ED7E500A30D56 /* Sources */,
				BBF76F5A238ED7E500A30D56 /* Frameworks */,
				BBF76F5B238ED7E500A30D56 /* Resources */,
			);
			buildRules = (
			);
			dependencies = (
			);
			name = UITest;
			productName = UITest;
			productReference = BBF76F5D238ED7E500A30D56 /* UITest.app */;
			productType = "com.apple.product-type.application";
		};
		BBF76F77238ED7FA00A30D56 /* UITestUITests */ = {
			isa = PBXNativeTarget;
			buildConfigurationList = BBF76F7F238ED7FA00A30D56 /* Build configuration list for PBXNativeTarget "UITestUITests" */;
			buildPhases = (
				BBF76F74238ED7FA00A30D56 /* Sources */,
				BBF76F75238ED7FA00A30D56 /* Frameworks */,
				BBF76F76238ED7FA00A30D56 /* Resources */,
			);
			buildRules = (
			);
			dependencies = (
				BBF76F7E238ED7FA00A30D56 /* PBXTargetDependency */,
			);
			name = UITestUITests;
			productName = UITestUITests;
			productReference = BBF76F78238ED7FA00A30D56 /* UITestUITests.xctest */;
			productType = "com.apple.product-type.bundle.ui-testing";
		};
/* End PBXNativeTarget section */

/* Begin PBXProject section */
		BBF76F55238ED7E500A30D56 /* Project object */ = {
			isa = PBXProject;
			attributes = {
				LastSwiftUpdateCheck = 1120;
				LastUpgradeCheck = 1120;
				ORGANIZATIONNAME = colors;
				TargetAttributes = {
					BBF76F5C238ED7E500A30D56 = {
						CreatedOnToolsVersion = 11.2;
					};
					BBF76F77238ED7FA00A30D56 = {
						CreatedOnToolsVersion = 11.2;
						TestTargetID = BBF76F5C238ED7E500A30D56;
					};
				};
			};
			buildConfigurationList = BBF76F58238ED7E500A30D56 /* Build configuration list for PBXProject "UITest" */;
			compatibilityVersion = "Xcode 9.3";
			developmentRegion = en;
			hasScannedForEncodings = 0;
			knownRegions = (
				en,
				Base,
			);
			mainGroup = BBF76F54238ED7E500A30D56;
			productRefGroup = BBF76F5E238ED7E500A30D56 /* Products */;
			projectDirPath = "";
			projectRoot = "";
			targets = (
				BBF76F5C238ED7E500A30D56 /* UITest */,
				BBF76F77238ED7FA00A30D56 /* UITestUITests */,
			);
		};
/* End PBXProject section */

/* Begin PBXResourcesBuildPhase section */
		BBF76F5B238ED7E500A30D56 /* Resources */ = {
			isa = PBXResourcesBuildPhase;
			buildActionMask = 2147483647;
			files = (
				BBF76F6D238ED7E600A30D56 /* LaunchScreen.storyboard in Resources */,
				BBF76F6A238ED7E600A30D56 /* Assets.xcassets in Resources */,
				BBF76F68238ED7E500A30D56 /* Main.storyboard in Resources */,
			);
			runOnlyForDeploymentPostprocessing = 0;
		};
		BBF76F76238ED7FA00A30D56 /* Resources */ = {
			isa = PBXResourcesBuildPhase;
			buildActionMask = 2147483647;
			files = (
			);
			runOnlyForDeploymentPostprocessing = 0;
		};
/* End PBXResourcesBuildPhase section */

/* Begin PBXSourcesBuildPhase section */
		BBF76F59238ED7E500A30D56 /* Sources */ = {
			isa = PBXSourcesBuildPhase;
			buildActionMask = 2147483647;
			files = (
				BBF76F65238ED7E500A30D56 /* ViewController.swift in Sources */,
				BBF76F61238ED7E500A30D56 /* AppDelegate.swift in Sources */,
				BBF76F63238ED7E500A30D56 /* SceneDelegate.swift in Sources */,
			);
			runOnlyForDeploymentPostprocessing = 0;
		};
		BBF76F74238ED7FA00A30D56 /* Sources */ = {
			isa = PBXSourcesBuildPhase;
			buildActionMask = 2147483647;
			files = (
				BBF76F7B238ED7FA00A30D56 /* UITestUITests.swift in Sources */,
			);
			runOnlyForDeploymentPostprocessing = 0;
		};
/* End PBXSourcesBuildPhase section */

/* Begin PBXTargetDependency section */
		BBF76F7E238ED7FA00A30D56 /* PBXTargetDependency */ = {
			isa = PBXTargetDependency;
			target = BBF76F5C238ED7E500A30D56 /* UITest */;
			targetProxy = BBF76F7D238ED7FA00A30D56 /* PBXContainerItemProxy */;
		};
/* End PBXTargetDependency section */

/* Begin PBXVariantGroup section */
		BBF76F66238ED7E500A30D56 /* Main.storyboard */ = {
			isa = PBXVariantGroup;
			children = (
				BBF76F67238ED7E500A30D56 /* Base */,
			);
			name = Main.storyboard;
			sourceTree = "<group>";
		};
		BBF76F6B238ED7E600A30D56 /* LaunchScreen.storyboard */ = {
			isa = PBXVariantGroup;
			children = (
				BBF76F6C238ED7E600A30D56 /* Base */,
			);
			name = LaunchScreen.storyboard;
			sourceTree = "<group>";
		};
/* End PBXVariantGroup section */

/* Begin XCBuildConfiguration section */
		BBF76F6F238ED7E600A30D56 /* Debug */ = {
			isa = XCBuildConfiguration;
			buildSettings = {
				ALWAYS_SEARCH_USER_PATHS = NO;
				CLANG_ANALYZER_NONNULL = YES;
				CLANG_ANALYZER_NUMBER_OBJECT_CONVERSION = YES_AGGRESSIVE;
				CLANG_CXX_LANGUAGE_STANDARD = "gnu++14";
				CLANG_CXX_LIBRARY = "libc++";
				CLANG_ENABLE_MODULES = YES;
				CLANG_ENABLE_OBJC_ARC = YES;
				CLANG_ENABLE_OBJC_WEAK = YES;
				CLANG_WARN_BLOCK_CAPTURE_AUTORELEASING = YES;
				CLANG_WARN_BOOL_CONVERSION = YES;
				CLANG_WARN_COMMA = YES;
				CLANG_WARN_CONSTANT_CONVERSION = YES;
				CLANG_WARN_DEPRECATED_OBJC_IMPLEMENTATIONS = YES;
				CLANG_WARN_DIRECT_OBJC_ISA_USAGE = YES_ERROR;
				CLANG_WARN_DOCUMENTATION_COMMENTS = YES;
				CLANG_WARN_EMPTY_BODY = YES;
				CLANG_WARN_ENUM_CONVERSION = YES;
				CLANG_WARN_INFINITE_RECURSION = YES;
				CLANG_WARN_INT_CONVERSION = YES;
				CLANG_WARN_NON_LITERAL_NULL_CONVERSION = YES;
				CLANG_WARN_OBJC_IMPLICIT_RETAIN_SELF = YES;
				CLANG_WARN_OBJC_LITERAL_CONVERSION = YES;
				CLANG_WARN_OBJC_ROOT_CLASS = YES_ERROR;
				CLANG_WARN_RANGE_LOOP_ANALYSIS = YES;
				CLANG_WARN_STRICT_PROTOTYPES = YES;
				CLANG_WARN_SUSPICIOUS_MOVE = YES;
				CLANG_WARN_UNGUARDED_AVAILABILITY = YES_AGGRESSIVE;
				CLANG_WARN_UNREACHABLE_CODE = YES;
				CLANG_WARN__DUPLICATE_METHOD_MATCH = YES;
				COPY_PHASE_STRIP = NO;
				DEBUG_INFORMATION_FORMAT = dwarf;
				ENABLE_STRICT_OBJC_MSGSEND = YES;
				ENABLE_TESTABILITY = YES;
				GCC_C_LANGUAGE_STANDARD = gnu11;
				GCC_DYNAMIC_NO_PIC = NO;
				GCC_NO_COMMON_BLOCKS = YES;
				GCC_OPTIMIZATION_LEVEL = 0;
				GCC_PREPROCESSOR_DEFINITIONS = (
					"DEBUG=1",
					"$(inherited)",
				);
				GCC_WARN_64_TO_32_BIT_CONVERSION = YES;
				GCC_WARN_ABOUT_RETURN_TYPE = YES_ERROR;
				GCC_WARN_UNDECLARED_SELECTOR = YES;
				GCC_WARN_UNINITIALIZED_AUTOS = YES_AGGRESSIVE;
				GCC_WARN_UNUSED_FUNCTION = YES;
				GCC_WARN_UNUSED_VARIABLE = YES;
				IPHONEOS_DEPLOYMENT_TARGET = 13.2;
				MTL_ENABLE_DEBUG_INFO = INCLUDE_SOURCE;
				MTL_FAST_MATH = YES;
				ONLY_ACTIVE_ARCH = YES;
				SDKROOT = iphoneos;
				SWIFT_ACTIVE_COMPILATION_CONDITIONS = DEBUG;
				SWIFT_OPTIMIZATION_LEVEL = "-Onone";
			};
			name = Debug;
		};
		BBF76F70238ED7E600A30D56 /* Release */ = {
			isa = XCBuildConfiguration;
			buildSettings = {
				ALWAYS_SEARCH_USER_PATHS = NO;
				CLANG_ANALYZER_NONNULL = YES;
				CLANG_ANALYZER_NUMBER_OBJECT_CONVERSION = YES_AGGRESSIVE;
				CLANG_CXX_LANGUAGE_STANDARD = "gnu++14";
				CLANG_CXX_LIBRARY = "libc++";
				CLANG_ENABLE_MODULES = YES;
				CLANG_ENABLE_OBJC_ARC = YES;
				CLANG_ENABLE_OBJC_WEAK = YES;
				CLANG_WARN_BLOCK_CAPTURE_AUTORELEASING = YES;
				CLANG_WARN_BOOL_CONVERSION = YES;
				CLANG_WARN_COMMA = YES;
				CLANG_WARN_CONSTANT_CONVERSION = YES;
				CLANG_WARN_DEPRECATED_OBJC_IMPLEMENTATIONS = YES;
				CLANG_WARN_DIRECT_OBJC_ISA_USAGE = YES_ERROR;
				CLANG_WARN_DOCUMENTATION_COMMENTS = YES;
				CLANG_WARN_EMPTY_BODY = YES;
				CLANG_WARN_ENUM_CONVERSION = YES;
				CLANG_WARN_INFINITE_RECURSION = YES;
				CLANG_WARN_INT_CONVERSION = YES;
				CLANG_WARN_NON_LITERAL_NULL_CONVERSION = YES;
				CLANG_WARN_OBJC_IMPLICIT_RETAIN_SELF = YES;
				CLANG_WARN_OBJC_LITERAL_CONVERSION = YES;
				CLANG_WARN_OBJC_ROOT_CLASS = YES_ERROR;
				CLANG_WARN_RANGE_LOOP_ANALYSIS = YES;
				CLANG_WARN_STRICT_PROTOTYPES = YES;
				CLANG_WARN_SUSPICIOUS_MOVE = YES;
				CLANG_WARN_UNGUARDED_AVAILABILITY = YES_AGGRESSIVE;
				CLANG_WARN_UNREACHABLE_CODE = YES;
				CLANG_WARN__DUPLICATE_METHOD_MATCH = YES;
				COPY_PHASE_STRIP = NO;
				DEBUG_INFORMATION_FORMAT = "dwarf-with-dsym";
				ENABLE_NS_ASSERTIONS = NO;
				ENABLE_STRICT_OBJC_MSGSEND = YES;
				GCC_C_LANGUAGE_STANDARD = gnu11;
				GCC_NO_COMMON_BLOCKS = YES;
				GCC_WARN_64_TO_32_BIT_CONVERSION = YES;
				GCC_WARN_ABOUT_RETURN_TYPE = YES_ERROR;
				GCC_WARN_UNDECLARED_SELECTOR = YES;
				GCC_WARN_UNINITIALIZED_AUTOS = YES_AGGRESSIVE;
				GCC_WARN_UNUSED_FUNCTION = YES;
				GCC_WARN_UNUSED_VARIABLE = YES;
				IPHONEOS_DEPLOYMENT_TARGET = 13.2;
				MTL_ENABLE_DEBUG_INFO = NO;
				MTL_FAST_MATH = YES;
				SDKROOT = iphoneos;
				SWIFT_COMPILATION_MODE = wholemodule;
				SWIFT_OPTIMIZATION_LEVEL = "-O";
				VALIDATE_PRODUCT = YES;
			};
			name = Release;
		};
		BBF76F72238ED7E600A30D56 /* Debug */ = {
			isa = XCBuildConfiguration;
			buildSettings = {
				ASSETCATALOG_COMPILER_APPICON_NAME = AppIcon;
				CODE_SIGN_STYLE = Automatic;
				DEVELOPMENT_TEAM = P97P477CHC;
				INFOPLIST_FILE = UITest/Info.plist;
				LD_RUNPATH_SEARCH_PATHS = (
					"$(inherited)",
					"@executable_path/Frameworks",
				);
				PRODUCT_BUNDLE_IDENTIFIER = colors.UITest;
				PRODUCT_NAME = "$(TARGET_NAME)";
				SWIFT_VERSION = 5.0;
				TARGETED_DEVICE_FAMILY = "1,2";
			};
			name = Debug;
		};
		BBF76F73238ED7E600A30D56 /* Release */ = {
			isa = XCBuildConfiguration;
			buildSettings = {
				ASSETCATALOG_COMPILER_APPICON_NAME = AppIcon;
				CODE_SIGN_STYLE = Automatic;
				DEVELOPMENT_TEAM = P97P477CHC;
				INFOPLIST_FILE = UITest/Info.plist;
				LD_RUNPATH_SEARCH_PATHS = (
					"$(inherited)",
					"@executable_path/Frameworks",
				);
				PRODUCT_BUNDLE_IDENTIFIER = colors.UITest;
				PRODUCT_NAME = "$(TARGET_NAME)";
				SWIFT_VERSION = 5.0;
				TARGETED_DEVICE_FAMILY = "1,2";
			};
			name = Release;
		};
		BBF76F80238ED7FA00A30D56 /* Debug */ = {
			isa = XCBuildConfiguration;
			buildSettings = {
				CODE_SIGN_STYLE = Automatic;
				INFOPLIST_FILE = UITestUITests/Info.plist;
				LD_RUNPATH_SEARCH_PATHS = (
					"$(inherited)",
					"@executable_path/Frameworks",
					"@loader_path/Frameworks",
				);
				PRODUCT_BUNDLE_IDENTIFIER = colors.UITestUITests;
				PRODUCT_NAME = "$(TARGET_NAME)";
				SWIFT_VERSION = 5.0;
				TARGETED_DEVICE_FAMILY = "1,2";
				TEST_TARGET_NAME = UITest;
			};
			name = Debug;
		};
		BBF76F81238ED7FA00A30D56 /* Release */ = {
			isa = XCBuildConfiguration;
			buildSettings = {
				CODE_SIGN_STYLE = Automatic;
				INFOPLIST_FILE = UITestUITests/Info.plist;
				LD_RUNPATH_SEARCH_PATHS = (
					"$(inherited)",
					"@executable_path/Frameworks",
					"@loader_path/Frameworks",
				);
				PRODUCT_BUNDLE_IDENTIFIER = colors.UITestUITests;
				PRODUCT_NAME = "$(TARGET_NAME)";
				SWIFT_VERSION = 5.0;
				TARGETED_DEVICE_FAMILY = "1,2";
				TEST_TARGET_NAME = UITest;
			};
			name = Release;
		};
/* End XCBuildConfiguration section */

/* Begin XCConfigurationList section */
		BBF76F58238ED7E500A30D56 /* Build configuration list for PBXProject "UITest" */ = {
			isa = XCConfigurationList;
			buildConfigurations = (
				BBF76F6F238ED7E600A30D56 /* Debug */,
				BBF76F70238ED7E600A30D56 /* Release */,
			);
			defaultConfigurationIsVisible = 0;
			defaultConfigurationName = Release;
		};
		BBF76F71238ED7E600A30D56 /* Build configuration list for PBXNativeTarget "UITest" */ = {
			isa = XCConfigurationList;
			buildConfigurations = (
				BBF76F72238ED7E600A30D56 /* Debug */,
				BBF76F73238ED7E600A30D56 /* Release */,
			);
			defaultConfigurationIsVisible = 0;
			defaultConfigurationName = Release;
		};
		BBF76F7F238ED7FA00A30D56 /* Build configuration list for PBXNativeTarget "UITestUITests" */ = {
			isa = XCConfigurationList;
			buildConfigurations = (
				BBF76F80238ED7FA00A30D56 /* Debug */,
				BBF76F81238ED7FA00A30D56 /* Release */,
			);
			defaultConfigurationIsVisible = 0;
			defaultConfigurationName = Release;
		};
/* End XCConfigurationList section */
	};
	rootObject = BBF76F55238ED7E500A30D56 /* Project object */;
}
